
Microsoft Visual Studio Solution File, Format Version 12.00
# Visual Studio Version 16
VisualStudioVersion = 16.0.31112.23
MinimumVisualStudioVersion = 10.0.40219.1
Project("{FAE04EC0-301F-11D3-BF4B-00C04F79EFBC}") = "PaymentAPI", "PaymentAPI\PaymentAPI.csproj", "{CD6C3386-B1EF-45E3-BE0F-32775A9DFE63}"
EndProject
Global
	GlobalSection(SolutionConfigurationPlatforms) = preSolution
		Debug|Any CPU = Debug|Any CPU
		Release|Any CPU = Release|Any CPU
	EndGlobalSection
	GlobalSection(ProjectConfigurationPlatforms) = postSolution
		{CD6C3386-B1EF-45E3-BE0F-32775A9DFE63}.Debug|Any CPU.ActiveCfg = Debug|Any CPU
		{CD6C3386-B1EF-45E3-BE0F-32775A9DFE63}.Debug|Any CPU.Build.0 = Debug|Any CPU
		{CD6C3386-B1EF-45E3-BE0F-32775A9DFE63}.Release|Any CPU.ActiveCfg = Release|Any CPU
		{CD6C3386-B1EF-45E3-BE0F-32775A9DFE63}.Release|Any CPU.Build.0 = Release|Any CPU
	EndGlobalSection
	GlobalSection(SolutionProperties) = preSolution
		HideSolutionNode = FALSE
	EndGlobalSection
	GlobalSection(ExtensibilityGlobals) = postSolution
		SolutionGuid = {A1C994F8-8682-4F68-AF8B-14D1E9936655}
	EndGlobalSection
EndGlobal
